
Microsoft Visual Studio Solution File, Format Version 12.00
# Visual Studio 15
VisualStudioVersion = 15.0.26403.3
MinimumVisualStudioVersion = 10.0.40219.1
Project("{FAE04EC0-301F-11D3-BF4B-00C04F79EFBC}") = "TodayTizenDemo.Android", "TodayTizenDemo\TodayTizenDemo.Android\TodayTizenDemo.Android.csproj", "{867E3620-2D2E-4BD8-98D2-3269FE40CA19}"
EndProject
Project("{FAE04EC0-301F-11D3-BF4B-00C04F79EFBC}") = "TodayTizenDemo", "TodayTizenDemo\TodayTizenDemo\TodayTizenDemo.csproj", "{0C9F9967-C0B4-4705-8417-46D3FBED7A5A}"
EndProject
Project("{FAE04EC0-301F-11D3-BF4B-00C04F79EFBC}") = "TodayTizenDemo.UWP", "TodayTizenDemo\TodayTizenDemo.UWP\TodayTizenDemo.UWP.csproj", "{88A31B68-E4E1-4655-A348-1C6BC7316F9F}"
EndProject
Project("{FAE04EC0-301F-11D3-BF4B-00C04F79EFBC}") = "TodayTizenDemo.iOS", "TodayTizenDemo\TodayTizenDemo.iOS\TodayTizenDemo.iOS.csproj", "{533991C4-3204-497B-8893-0368191F5BED}"
EndProject
Project("{FAE04EC0-301F-11D3-BF4B-00C04F79EFBC}") = "TizenXamarinApp.TizenMobile", "TizenXamarinApp\TizenXamarinApp.TizenMobile\TizenXamarinApp.TizenMobile.csproj", "{A65C139E-0248-4331-BEEC-49468881553F}"
EndProject
Global
	GlobalSection(SolutionConfigurationPlatforms) = preSolution
		Ad-Hoc|Any CPU = Ad-Hoc|Any CPU
		Ad-Hoc|ARM = Ad-Hoc|ARM
		Ad-Hoc|iPhone = Ad-Hoc|iPhone
		Ad-Hoc|iPhoneSimulator = Ad-Hoc|iPhoneSimulator
		Ad-Hoc|x64 = Ad-Hoc|x64
		Ad-Hoc|x86 = Ad-Hoc|x86
		AppStore|Any CPU = AppStore|Any CPU
		AppStore|ARM = AppStore|ARM
		AppStore|iPhone = AppStore|iPhone
		AppStore|iPhoneSimulator = AppStore|iPhoneSimulator
		AppStore|x64 = AppStore|x64
		AppStore|x86 = AppStore|x86
		Debug|Any CPU = Debug|Any CPU
		Debug|ARM = Debug|ARM
		Debug|iPhone = Debug|iPhone
		Debug|iPhoneSimulator = Debug|iPhoneSimulator
		Debug|x64 = Debug|x64
		Debug|x86 = Debug|x86
		Release|Any CPU = Release|Any CPU
		Release|ARM = Release|ARM
		Release|iPhone = Release|iPhone
		Release|iPhoneSimulator = Release|iPhoneSimulator
		Release|x64 = Release|x64
		Release|x86 = Release|x86
	EndGlobalSection
	GlobalSection(ProjectConfigurationPlatforms) = postSolution
		{867E3620-2D2E-4BD8-98D2-3269FE40CA19}.Ad-Hoc|Any CPU.ActiveCfg = Release|Any CPU
		{867E3620-2D2E-4BD8-98D2-3269FE40CA19}.Ad-Hoc|Any CPU.Build.0 = Release|Any CPU
		{867E3620-2D2E-4BD8-98D2-3269FE40CA19}.Ad-Hoc|Any CPU.Deploy.0 = Release|Any CPU
		{867E3620-2D2E-4BD8-98D2-3269FE40CA19}.Ad-Hoc|ARM.ActiveCfg = Release|Any CPU
		{867E3620-2D2E-4BD8-98D2-3269FE40CA19}.Ad-Hoc|ARM.Build.0 = Release|Any CPU
		{867E3620-2D2E-4BD8-98D2-3269FE40CA19}.Ad-Hoc|ARM.Deploy.0 = Release|Any CPU
		{867E3620-2D2E-4BD8-98D2-3269FE40CA19}.Ad-Hoc|iPhone.ActiveCfg = Release|Any CPU
		{867E3620-2D2E-4BD8-98D2-3269FE40CA19}.Ad-Hoc|iPhone.Build.0 = Release|Any CPU
		{867E3620-2D2E-4BD8-98D2-3269FE40CA19}.Ad-Hoc|iPhone.Deploy.0 = Release|Any CPU
		{867E3620-2D2E-4BD8-98D2-3269FE40CA19}.Ad-Hoc|iPhoneSimulator.ActiveCfg = Release|Any CPU
		{867E3620-2D2E-4BD8-98D2-3269FE40CA19}.Ad-Hoc|iPhoneSimulator.Build.0 = Release|Any CPU
		{867E3620-2D2E-4BD8-98D2-3269FE40CA19}.Ad-Hoc|iPhoneSimulator.Deploy.0 = Release|Any CPU
		{867E3620-2D2E-4BD8-98D2-3269FE40CA19}.Ad-Hoc|x64.ActiveCfg = Release|Any CPU
		{867E3620-2D2E-4BD8-98D2-3269FE40CA19}.Ad-Hoc|x64.Build.0 = Release|Any CPU
		{867E3620-2D2E-4BD8-98D2-3269FE40CA19}.Ad-Hoc|x64.Deploy.0 = Release|Any CPU
		{867E3620-2D2E-4BD8-98D2-3269FE40CA19}.Ad-Hoc|x86.ActiveCfg = Release|Any CPU
		{867E3620-2D2E-4BD8-98D2-3269FE40CA19}.Ad-Hoc|x86.Build.0 = Release|Any CPU
		{867E3620-2D2E-4BD8-98D2-3269FE40CA19}.Ad-Hoc|x86.Deploy.0 = Release|Any CPU
		{867E3620-2D2E-4BD8-98D2-3269FE40CA19}.AppStore|Any CPU.ActiveCfg = Release|Any CPU
		{867E3620-2D2E-4BD8-98D2-3269FE40CA19}.AppStore|Any CPU.Build.0 = Release|Any CPU
		{867E3620-2D2E-4BD8-98D2-3269FE40CA19}.AppStore|Any CPU.Deploy.0 = Release|Any CPU
		{867E3620-2D2E-4BD8-98D2-3269FE40CA19}.AppStore|ARM.ActiveCfg = Release|Any CPU
		{867E3620-2D2E-4BD8-98D2-3269FE40CA19}.AppStore|ARM.Build.0 = Release|Any CPU
		{867E3620-2D2E-4BD8-98D2-3269FE40CA19}.AppStore|ARM.Deploy.0 = Release|Any CPU
		{867E3620-2D2E-4BD8-98D2-3269FE40CA19}.AppStore|iPhone.ActiveCfg = Release|Any CPU
		{867E3620-2D2E-4BD8-98D2-3269FE40CA19}.AppStore|iPhone.Build.0 = Release|Any CPU
		{867E3620-2D2E-4BD8-98D2-3269FE40CA19}.AppStore|iPhone.Deploy.0 = Release|Any CPU
		{867E3620-2D2E-4BD8-98D2-3269FE40CA19}.AppStore|iPhoneSimulator.ActiveCfg = Release|Any CPU
		{867E3620-2D2E-4BD8-98D2-3269FE40CA19}.AppStore|iPhoneSimulator.Build.0 = Release|Any CPU
		{867E3620-2D2E-4BD8-98D2-3269FE40CA19}.AppStore|iPhoneSimulator.Deploy.0 = Release|Any CPU
		{867E3620-2D2E-4BD8-98D2-3269FE40CA19}.AppStore|x64.ActiveCfg = Release|Any CPU
		{867E3620-2D2E-4BD8-98D2-3269FE40CA19}.AppStore|x64.Build.0 = Release|Any CPU
		{867E3620-2D2E-4BD8-98D2-3269FE40CA19}.AppStore|x64.Deploy.0 = Release|Any CPU
		{867E3620-2D2E-4BD8-98D2-3269FE40CA19}.AppStore|x86.ActiveCfg = Release|Any CPU
		{867E3620-2D2E-4BD8-98D2-3269FE40CA19}.AppStore|x86.Build.0 = Release|Any CPU
		{867E3620-2D2E-4BD8-98D2-3269FE40CA19}.AppStore|x86.Deploy.0 = Release|Any CPU
		{867E3620-2D2E-4BD8-98D2-3269FE40CA19}.Debug|Any CPU.ActiveCfg = Debug|Any CPU
		{867E3620-2D2E-4BD8-98D2-3269FE40CA19}.Debug|Any CPU.Build.0 = Debug|Any CPU
		{867E3620-2D2E-4BD8-98D2-3269FE40CA19}.Debug|Any CPU.Deploy.0 = Debug|Any CPU
		{867E3620-2D2E-4BD8-98D2-3269FE40CA19}.Debug|ARM.ActiveCfg = Debug|Any CPU
		{867E3620-2D2E-4BD8-98D2-3269FE40CA19}.Debug|ARM.Build.0 = Debug|Any CPU
		{867E3620-2D2E-4BD8-98D2-3269FE40CA19}.Debug|ARM.Deploy.0 = Debug|Any CPU
		{867E3620-2D2E-4BD8-98D2-3269FE40CA19}.Debug|iPhone.ActiveCfg = Debug|Any CPU
		{867E3620-2D2E-4BD8-98D2-3269FE40CA19}.Debug|iPhone.Build.0 = Debug|Any CPU
		{867E3620-2D2E-4BD8-98D2-3269FE40CA19}.Debug|iPhone.Deploy.0 = Debug|Any CPU
		{867E3620-2D2E-4BD8-98D2-3269FE40CA19}.Debug|iPhoneSimulator.ActiveCfg = Debug|Any CPU
		{867E3620-2D2E-4BD8-98D2-3269FE40CA19}.Debug|iPhoneSimulator.Build.0 = Debug|Any CPU
		{867E3620-2D2E-4BD8-98D2-3269FE40CA19}.Debug|iPhoneSimulator.Deploy.0 = Debug|Any CPU
		{867E3620-2D2E-4BD8-98D2-3269FE40CA19}.Debug|x64.ActiveCfg = Debug|Any CPU
		{867E3620-2D2E-4BD8-98D2-3269FE40CA19}.Debug|x64.Build.0 = Debug|Any CPU
		{867E3620-2D2E-4BD8-98D2-3269FE40CA19}.Debug|x64.Deploy.0 = Debug|Any CPU
		{867E3620-2D2E-4BD8-98D2-3269FE40CA19}.Debug|x86.ActiveCfg = Debug|Any CPU
		{867E3620-2D2E-4BD8-98D2-3269FE40CA19}.Debug|x86.Build.0 = Debug|Any CPU
		{867E3620-2D2E-4BD8-98D2-3269FE40CA19}.Debug|x86.Deploy.0 = Debug|Any CPU
		{867E3620-2D2E-4BD8-98D2-3269FE40CA19}.Release|Any CPU.ActiveCfg = Release|Any CPU
		{867E3620-2D2E-4BD8-98D2-3269FE40CA19}.Release|Any CPU.Build.0 = Release|Any CPU
		{867E3620-2D2E-4BD8-98D2-3269FE40CA19}.Release|Any CPU.Deploy.0 = Release|Any CPU
		{867E3620-2D2E-4BD8-98D2-3269FE40CA19}.Release|ARM.ActiveCfg = Release|Any CPU
		{867E3620-2D2E-4BD8-98D2-3269FE40CA19}.Release|ARM.Build.0 = Release|Any CPU
		{867E3620-2D2E-4BD8-98D2-3269FE40CA19}.Release|ARM.Deploy.0 = Release|Any CPU
		{867E3620-2D2E-4BD8-98D2-3269FE40CA19}.Release|iPhone.ActiveCfg = Release|Any CPU
		{867E3620-2D2E-4BD8-98D2-3269FE40CA19}.Release|iPhone.Build.0 = Release|Any CPU
		{867E3620-2D2E-4BD8-98D2-3269FE40CA19}.Release|iPhone.Deploy.0 = Release|Any CPU
		{867E3620-2D2E-4BD8-98D2-3269FE40CA19}.Release|iPhoneSimulator.ActiveCfg = Release|Any CPU
		{867E3620-2D2E-4BD8-98D2-3269FE40CA19}.Release|iPhoneSimulator.Build.0 = Release|Any CPU
		{867E3620-2D2E-4BD8-98D2-3269FE40CA19}.Release|iPhoneSimulator.Deploy.0 = Release|Any CPU
		{867E3620-2D2E-4BD8-98D2-3269FE40CA19}.Release|x64.ActiveCfg = Release|Any CPU
		{867E3620-2D2E-4BD8-98D2-3269FE40CA19}.Release|x64.Build.0 = Release|Any CPU
		{867E3620-2D2E-4BD8-98D2-3269FE40CA19}.Release|x64.Deploy.0 = Release|Any CPU
		{867E3620-2D2E-4BD8-98D2-3269FE40CA19}.Release|x86.ActiveCfg = Release|Any CPU
		{867E3620-2D2E-4BD8-98D2-3269FE40CA19}.Release|x86.Build.0 = Release|Any CPU
		{867E3620-2D2E-4BD8-98D2-3269FE40CA19}.Release|x86.Deploy.0 = Release|Any CPU
		{0C9F9967-C0B4-4705-8417-46D3FBED7A5A}.Ad-Hoc|Any CPU.ActiveCfg = Release|Any CPU
		{0C9F9967-C0B4-4705-8417-46D3FBED7A5A}.Ad-Hoc|Any CPU.Build.0 = Release|Any CPU
		{0C9F9967-C0B4-4705-8417-46D3FBED7A5A}.Ad-Hoc|ARM.ActiveCfg = Release|Any CPU
		{0C9F9967-C0B4-4705-8417-46D3FBED7A5A}.Ad-Hoc|ARM.Build.0 = Release|Any CPU
		{0C9F9967-C0B4-4705-8417-46D3FBED7A5A}.Ad-Hoc|iPhone.ActiveCfg = Release|Any CPU
		{0C9F9967-C0B4-4705-8417-46D3FBED7A5A}.Ad-Hoc|iPhone.Build.0 = Release|Any CPU
		{0C9F9967-C0B4-4705-8417-46D3FBED7A5A}.Ad-Hoc|iPhoneSimulator.ActiveCfg = Release|Any CPU
		{0C9F9967-C0B4-4705-8417-46D3FBED7A5A}.Ad-Hoc|iPhoneSimulator.Build.0 = Release|Any CPU
		{0C9F9967-C0B4-4705-8417-46D3FBED7A5A}.Ad-Hoc|x64.ActiveCfg = Release|Any CPU
		{0C9F9967-C0B4-4705-8417-46D3FBED7A5A}.Ad-Hoc|x64.Build.0 = Release|Any CPU
		{0C9F9967-C0B4-4705-8417-46D3FBED7A5A}.Ad-Hoc|x86.ActiveCfg = Release|Any CPU
		{0C9F9967-C0B4-4705-8417-46D3FBED7A5A}.Ad-Hoc|x86.Build.0 = Release|Any CPU
		{0C9F9967-C0B4-4705-8417-46D3FBED7A5A}.AppStore|Any CPU.ActiveCfg = Release|Any CPU
		{0C9F9967-C0B4-4705-8417-46D3FBED7A5A}.AppStore|Any CPU.Build.0 = Release|Any CPU
		{0C9F9967-C0B4-4705-8417-46D3FBED7A5A}.AppStore|ARM.ActiveCfg = Release|Any CPU
		{0C9F9967-C0B4-4705-8417-46D3FBED7A5A}.AppStore|ARM.Build.0 = Release|Any CPU
		{0C9F9967-C0B4-4705-8417-46D3FBED7A5A}.AppStore|iPhone.ActiveCfg = Release|Any CPU
		{0C9F9967-C0B4-4705-8417-46D3FBED7A5A}.AppStore|iPhone.Build.0 = Release|Any CPU
		{0C9F9967-C0B4-4705-8417-46D3FBED7A5A}.AppStore|iPhoneSimulator.ActiveCfg = Release|Any CPU
		{0C9F9967-C0B4-4705-8417-46D3FBED7A5A}.AppStore|iPhoneSimulator.Build.0 = Release|Any CPU
		{0C9F9967-C0B4-4705-8417-46D3FBED7A5A}.AppStore|x64.ActiveCfg = Release|Any CPU
		{0C9F9967-C0B4-4705-8417-46D3FBED7A5A}.AppStore|x64.Build.0 = Release|Any CPU
		{0C9F9967-C0B4-4705-8417-46D3FBED7A5A}.AppStore|x86.ActiveCfg = Release|Any CPU
		{0C9F9967-C0B4-4705-8417-46D3FBED7A5A}.AppStore|x86.Build.0 = Release|Any CPU
		{0C9F9967-C0B4-4705-8417-46D3FBED7A5A}.Debug|Any CPU.ActiveCfg = Debug|Any CPU
		{0C9F9967-C0B4-4705-8417-46D3FBED7A5A}.Debug|Any CPU.Build.0 = Debug|Any CPU
		{0C9F9967-C0B4-4705-8417-46D3FBED7A5A}.Debug|ARM.ActiveCfg = Debug|Any CPU
		{0C9F9967-C0B4-4705-8417-46D3FBED7A5A}.Debug|ARM.Build.0 = Debug|Any CPU
		{0C9F9967-C0B4-4705-8417-46D3FBED7A5A}.Debug|iPhone.ActiveCfg = Debug|Any CPU
		{0C9F9967-C0B4-4705-8417-46D3FBED7A5A}.Debug|iPhone.Build.0 = Debug|Any CPU
		{0C9F9967-C0B4-4705-8417-46D3FBED7A5A}.Debug|iPhoneSimulator.ActiveCfg = Debug|Any CPU
		{0C9F9967-C0B4-4705-8417-46D3FBED7A5A}.Debug|iPhoneSimulator.Build.0 = Debug|Any CPU
		{0C9F9967-C0B4-4705-8417-46D3FBED7A5A}.Debug|x64.ActiveCfg = Debug|Any CPU
		{0C9F9967-C0B4-4705-8417-46D3FBED7A5A}.Debug|x64.Build.0 = Debug|Any CPU
		{0C9F9967-C0B4-4705-8417-46D3FBED7A5A}.Debug|x86.ActiveCfg = Debug|Any CPU
		{0C9F9967-C0B4-4705-8417-46D3FBED7A5A}.Debug|x86.Build.0 = Debug|Any CPU
		{0C9F9967-C0B4-4705-8417-46D3FBED7A5A}.Release|Any CPU.ActiveCfg = Release|Any CPU
		{0C9F9967-C0B4-4705-8417-46D3FBED7A5A}.Release|Any CPU.Build.0 = Release|Any CPU
		{0C9F9967-C0B4-4705-8417-46D3FBED7A5A}.Release|ARM.ActiveCfg = Release|Any CPU
		{0C9F9967-C0B4-4705-8417-46D3FBED7A5A}.Release|ARM.Build.0 = Release|Any CPU
		{0C9F9967-C0B4-4705-8417-46D3FBED7A5A}.Release|iPhone.ActiveCfg = Release|Any CPU
		{0C9F9967-C0B4-4705-8417-46D3FBED7A5A}.Release|iPhone.Build.0 = Release|Any CPU
		{0C9F9967-C0B4-4705-8417-46D3FBED7A5A}.Release|iPhoneSimulator.ActiveCfg = Release|Any CPU
		{0C9F9967-C0B4-4705-8417-46D3FBED7A5A}.Release|iPhoneSimulator.Build.0 = Release|Any CPU
		{0C9F9967-C0B4-4705-8417-46D3FBED7A5A}.Release|x64.ActiveCfg = Release|Any CPU
		{0C9F9967-C0B4-4705-8417-46D3FBED7A5A}.Release|x64.Build.0 = Release|Any CPU
		{0C9F9967-C0B4-4705-8417-46D3FBED7A5A}.Release|x86.ActiveCfg = Release|Any CPU
		{0C9F9967-C0B4-4705-8417-46D3FBED7A5A}.Release|x86.Build.0 = Release|Any CPU
		{88A31B68-E4E1-4655-A348-1C6BC7316F9F}.Ad-Hoc|Any CPU.ActiveCfg = Release|x86
		{88A31B68-E4E1-4655-A348-1C6BC7316F9F}.Ad-Hoc|Any CPU.Build.0 = Release|x86
		{88A31B68-E4E1-4655-A348-1C6BC7316F9F}.Ad-Hoc|Any CPU.Deploy.0 = Release|x86
		{88A31B68-E4E1-4655-A348-1C6BC7316F9F}.Ad-Hoc|ARM.ActiveCfg = Release|ARM
		{88A31B68-E4E1-4655-A348-1C6BC7316F9F}.Ad-Hoc|ARM.Build.0 = Release|ARM
		{88A31B68-E4E1-4655-A348-1C6BC7316F9F}.Ad-Hoc|ARM.Deploy.0 = Release|ARM
		{88A31B68-E4E1-4655-A348-1C6BC7316F9F}.Ad-Hoc|iPhone.ActiveCfg = Release|x86
		{88A31B68-E4E1-4655-A348-1C6BC7316F9F}.Ad-Hoc|iPhone.Build.0 = Release|x86
		{88A31B68-E4E1-4655-A348-1C6BC7316F9F}.Ad-Hoc|iPhone.Deploy.0 = Release|x86
		{88A31B68-E4E1-4655-A348-1C6BC7316F9F}.Ad-Hoc|iPhoneSimulator.ActiveCfg = Release|x86
		{88A31B68-E4E1-4655-A348-1C6BC7316F9F}.Ad-Hoc|iPhoneSimulator.Build.0 = Release|x86
		{88A31B68-E4E1-4655-A348-1C6BC7316F9F}.Ad-Hoc|iPhoneSimulator.Deploy.0 = Release|x86
		{88A31B68-E4E1-4655-A348-1C6BC7316F9F}.Ad-Hoc|x64.ActiveCfg = Release|x64
		{88A31B68-E4E1-4655-A348-1C6BC7316F9F}.Ad-Hoc|x64.Build.0 = Release|x64
		{88A31B68-E4E1-4655-A348-1C6BC7316F9F}.Ad-Hoc|x64.Deploy.0 = Release|x64
		{88A31B68-E4E1-4655-A348-1C6BC7316F9F}.Ad-Hoc|x86.ActiveCfg = Release|x86
		{88A31B68-E4E1-4655-A348-1C6BC7316F9F}.Ad-Hoc|x86.Build.0 = Release|x86
		{88A31B68-E4E1-4655-A348-1C6BC7316F9F}.Ad-Hoc|x86.Deploy.0 = Release|x86
		{88A31B68-E4E1-4655-A348-1C6BC7316F9F}.AppStore|Any CPU.ActiveCfg = Release|x86
		{88A31B68-E4E1-4655-A348-1C6BC7316F9F}.AppStore|Any CPU.Build.0 = Release|x86
		{88A31B68-E4E1-4655-A348-1C6BC7316F9F}.AppStore|Any CPU.Deploy.0 = Release|x86
		{88A31B68-E4E1-4655-A348-1C6BC7316F9F}.AppStore|ARM.ActiveCfg = Release|ARM
		{88A31B68-E4E1-4655-A348-1C6BC7316F9F}.AppStore|ARM.Build.0 = Release|ARM
		{88A31B68-E4E1-4655-A348-1C6BC7316F9F}.AppStore|ARM.Deploy.0 = Release|ARM
		{88A31B68-E4E1-4655-A348-1C6BC7316F9F}.AppStore|iPhone.ActiveCfg = Release|x86
		{88A31B68-E4E1-4655-A348-1C6BC7316F9F}.AppStore|iPhone.Build.0 = Release|x86
		{88A31B68-E4E1-4655-A348-1C6BC7316F9F}.AppStore|iPhone.Deploy.0 = Release|x86
		{88A31B68-E4E1-4655-A348-1C6BC7316F9F}.AppStore|iPhoneSimulator.ActiveCfg = Release|x86
		{88A31B68-E4E1-4655-A348-1C6BC7316F9F}.AppStore|iPhoneSimulator.Build.0 = Release|x86
		{88A31B68-E4E1-4655-A348-1C6BC7316F9F}.AppStore|iPhoneSimulator.Deploy.0 = Release|x86
		{88A31B68-E4E1-4655-A348-1C6BC7316F9F}.AppStore|x64.ActiveCfg = Release|x64
		{88A31B68-E4E1-4655-A348-1C6BC7316F9F}.AppStore|x64.Build.0 = Release|x64
		{88A31B68-E4E1-4655-A348-1C6BC7316F9F}.AppStore|x64.Deploy.0 = Release|x64
		{88A31B68-E4E1-4655-A348-1C6BC7316F9F}.AppStore|x86.ActiveCfg = Release|x86
		{88A31B68-E4E1-4655-A348-1C6BC7316F9F}.AppStore|x86.Build.0 = Release|x86
		{88A31B68-E4E1-4655-A348-1C6BC7316F9F}.AppStore|x86.Deploy.0 = Release|x86
		{88A31B68-E4E1-4655-A348-1C6BC7316F9F}.Debug|Any CPU.ActiveCfg = Debug|x86
		{88A31B68-E4E1-4655-A348-1C6BC7316F9F}.Debug|ARM.ActiveCfg = Debug|ARM
		{88A31B68-E4E1-4655-A348-1C6BC7316F9F}.Debug|ARM.Build.0 = Debug|ARM
		{88A31B68-E4E1-4655-A348-1C6BC7316F9F}.Debug|ARM.Deploy.0 = Debug|ARM
		{88A31B68-E4E1-4655-A348-1C6BC7316F9F}.Debug|iPhone.ActiveCfg = Debug|x86
		{88A31B68-E4E1-4655-A348-1C6BC7316F9F}.Debug|iPhoneSimulator.ActiveCfg = Debug|x86
		{88A31B68-E4E1-4655-A348-1C6BC7316F9F}.Debug|x64.ActiveCfg = Debug|x64
		{88A31B68-E4E1-4655-A348-1C6BC7316F9F}.Debug|x64.Build.0 = Debug|x64
		{88A31B68-E4E1-4655-A348-1C6BC7316F9F}.Debug|x64.Deploy.0 = Debug|x64
		{88A31B68-E4E1-4655-A348-1C6BC7316F9F}.Debug|x86.ActiveCfg = Debug|x86
		{88A31B68-E4E1-4655-A348-1C6BC7316F9F}.Debug|x86.Build.0 = Debug|x86
		{88A31B68-E4E1-4655-A348-1C6BC7316F9F}.Debug|x86.Deploy.0 = Debug|x86
		{88A31B68-E4E1-4655-A348-1C6BC7316F9F}.Release|Any CPU.ActiveCfg = Release|x86
		{88A31B68-E4E1-4655-A348-1C6BC7316F9F}.Release|ARM.ActiveCfg = Release|ARM
		{88A31B68-E4E1-4655-A348-1C6BC7316F9F}.Release|ARM.Build.0 = Release|ARM
		{88A31B68-E4E1-4655-A348-1C6BC7316F9F}.Release|ARM.Deploy.0 = Release|ARM
		{88A31B68-E4E1-4655-A348-1C6BC7316F9F}.Release|iPhone.ActiveCfg = Release|x86
		{88A31B68-E4E1-4655-A348-1C6BC7316F9F}.Release|iPhoneSimulator.ActiveCfg = Release|x86
		{88A31B68-E4E1-4655-A348-1C6BC7316F9F}.Release|x64.ActiveCfg = Release|x64
		{88A31B68-E4E1-4655-A348-1C6BC7316F9F}.Release|x64.Build.0 = Release|x64
		{88A31B68-E4E1-4655-A348-1C6BC7316F9F}.Release|x64.Deploy.0 = Release|x64
		{88A31B68-E4E1-4655-A348-1C6BC7316F9F}.Release|x86.ActiveCfg = Release|x86
		{88A31B68-E4E1-4655-A348-1C6BC7316F9F}.Release|x86.Build.0 = Release|x86
		{88A31B68-E4E1-4655-A348-1C6BC7316F9F}.Release|x86.Deploy.0 = Release|x86
		{533991C4-3204-497B-8893-0368191F5BED}.Ad-Hoc|Any CPU.ActiveCfg = Ad-Hoc|iPhone
		{533991C4-3204-497B-8893-0368191F5BED}.Ad-Hoc|ARM.ActiveCfg = Ad-Hoc|iPhone
		{533991C4-3204-497B-8893-0368191F5BED}.Ad-Hoc|iPhone.ActiveCfg = Ad-Hoc|iPhone
		{533991C4-3204-497B-8893-0368191F5BED}.Ad-Hoc|iPhone.Build.0 = Ad-Hoc|iPhone
		{533991C4-3204-497B-8893-0368191F5BED}.Ad-Hoc|iPhoneSimulator.ActiveCfg = Ad-Hoc|iPhoneSimulator
		{533991C4-3204-497B-8893-0368191F5BED}.Ad-Hoc|iPhoneSimulator.Build.0 = Ad-Hoc|iPhoneSimulator
		{533991C4-3204-497B-8893-0368191F5BED}.Ad-Hoc|x64.ActiveCfg = Ad-Hoc|iPhone
		{533991C4-3204-497B-8893-0368191F5BED}.Ad-Hoc|x86.ActiveCfg = Ad-Hoc|iPhone
		{533991C4-3204-497B-8893-0368191F5BED}.AppStore|Any CPU.ActiveCfg = AppStore|iPhone
		{533991C4-3204-497B-8893-0368191F5BED}.AppStore|ARM.ActiveCfg = AppStore|iPhone
		{533991C4-3204-497B-8893-0368191F5BED}.AppStore|iPhone.ActiveCfg = AppStore|iPhone
		{533991C4-3204-497B-8893-0368191F5BED}.AppStore|iPhone.Build.0 = AppStore|iPhone
		{533991C4-3204-497B-8893-0368191F5BED}.AppStore|iPhoneSimulator.ActiveCfg = AppStore|iPhoneSimulator
		{533991C4-3204-497B-8893-0368191F5BED}.AppStore|iPhoneSimulator.Build.0 = AppStore|iPhoneSimulator
		{533991C4-3204-497B-8893-0368191F5BED}.AppStore|x64.ActiveCfg = AppStore|iPhone
		{533991C4-3204-497B-8893-0368191F5BED}.AppStore|x86.ActiveCfg = AppStore|iPhone
		{533991C4-3204-497B-8893-0368191F5BED}.Debug|Any CPU.ActiveCfg = Debug|iPhone
		{533991C4-3204-497B-8893-0368191F5BED}.Debug|ARM.ActiveCfg = Debug|iPhone
		{533991C4-3204-497B-8893-0368191F5BED}.Debug|iPhone.ActiveCfg = Debug|iPhone
		{533991C4-3204-497B-8893-0368191F5BED}.Debug|iPhone.Build.0 = Debug|iPhone
		{533991C4-3204-497B-8893-0368191F5BED}.Debug|iPhoneSimulator.ActiveCfg = Debug|iPhoneSimulator
		{533991C4-3204-497B-8893-0368191F5BED}.Debug|iPhoneSimulator.Build.0 = Debug|iPhoneSimulator
		{533991C4-3204-497B-8893-0368191F5BED}.Debug|x64.ActiveCfg = Debug|iPhone
		{533991C4-3204-497B-8893-0368191F5BED}.Debug|x86.ActiveCfg = Debug|iPhone
		{533991C4-3204-497B-8893-0368191F5BED}.Release|Any CPU.ActiveCfg = Release|iPhone
		{533991C4-3204-497B-8893-0368191F5BED}.Release|ARM.ActiveCfg = Release|iPhone
		{533991C4-3204-497B-8893-0368191F5BED}.Release|iPhone.ActiveCfg = Release|iPhone
		{533991C4-3204-497B-8893-0368191F5BED}.Release|iPhone.Build.0 = Release|iPhone
		{533991C4-3204-497B-8893-0368191F5BED}.Release|iPhoneSimulator.ActiveCfg = Release|iPhoneSimulator
		{533991C4-3204-497B-8893-0368191F5BED}.Release|iPhoneSimulator.Build.0 = Release|iPhoneSimulator
		{533991C4-3204-497B-8893-0368191F5BED}.Release|x64.ActiveCfg = Release|iPhone
		{533991C4-3204-497B-8893-0368191F5BED}.Release|x86.ActiveCfg = Release|iPhone
		{A65C139E-0248-4331-BEEC-49468881553F}.Ad-Hoc|Any CPU.ActiveCfg = Release|Any CPU
		{A65C139E-0248-4331-BEEC-49468881553F}.Ad-Hoc|Any CPU.Build.0 = Release|Any CPU
		{A65C139E-0248-4331-BEEC-49468881553F}.Ad-Hoc|ARM.ActiveCfg = Release|Any CPU
		{A65C139E-0248-4331-BEEC-49468881553F}.Ad-Hoc|ARM.Build.0 = Release|Any CPU
		{A65C139E-0248-4331-BEEC-49468881553F}.Ad-Hoc|iPhone.ActiveCfg = Release|Any CPU
		{A65C139E-0248-4331-BEEC-49468881553F}.Ad-Hoc|iPhone.Build.0 = Release|Any CPU
		{A65C139E-0248-4331-BEEC-49468881553F}.Ad-Hoc|iPhoneSimulator.ActiveCfg = Release|Any CPU
		{A65C139E-0248-4331-BEEC-49468881553F}.Ad-Hoc|iPhoneSimulator.Build.0 = Release|Any CPU
		{A65C139E-0248-4331-BEEC-49468881553F}.Ad-Hoc|x64.ActiveCfg = Release|Any CPU
		{A65C139E-0248-4331-BEEC-49468881553F}.Ad-Hoc|x64.Build.0 = Release|Any CPU
		{A65C139E-0248-4331-BEEC-49468881553F}.Ad-Hoc|x86.ActiveCfg = Release|Any CPU
		{A65C139E-0248-4331-BEEC-49468881553F}.Ad-Hoc|x86.Build.0 = Release|Any CPU
		{A65C139E-0248-4331-BEEC-49468881553F}.AppStore|Any CPU.ActiveCfg = Release|Any CPU
		{A65C139E-0248-4331-BEEC-49468881553F}.AppStore|Any CPU.Build.0 = Release|Any CPU
		{A65C139E-0248-4331-BEEC-49468881553F}.AppStore|ARM.ActiveCfg = Release|Any CPU
		{A65C139E-0248-4331-BEEC-49468881553F}.AppStore|ARM.Build.0 = Release|Any CPU
		{A65C139E-0248-4331-BEEC-49468881553F}.AppStore|iPhone.ActiveCfg = Release|Any CPU
		{A65C139E-0248-4331-BEEC-49468881553F}.AppStore|iPhone.Build.0 = Release|Any CPU
		{A65C139E-0248-4331-BEEC-49468881553F}.AppStore|iPhoneSimulator.ActiveCfg = Release|Any CPU
		{A65C139E-0248-4331-BEEC-49468881553F}.AppStore|iPhoneSimulator.Build.0 = Release|Any CPU
		{A65C139E-0248-4331-BEEC-49468881553F}.AppStore|x64.ActiveCfg = Release|Any CPU
		{A65C139E-0248-4331-BEEC-49468881553F}.AppStore|x64.Build.0 = Release|Any CPU
		{A65C139E-0248-4331-BEEC-49468881553F}.AppStore|x86.ActiveCfg = Release|Any CPU
		{A65C139E-0248-4331-BEEC-49468881553F}.AppStore|x86.Build.0 = Release|Any CPU
		{A65C139E-0248-4331-BEEC-49468881553F}.Debug|Any CPU.ActiveCfg = Debug|Any CPU
		{A65C139E-0248-4331-BEEC-49468881553F}.Debug|Any CPU.Build.0 = Debug|Any CPU
		{A65C139E-0248-4331-BEEC-49468881553F}.Debug|ARM.ActiveCfg = Debug|Any CPU
		{A65C139E-0248-4331-BEEC-49468881553F}.Debug|ARM.Build.0 = Debug|Any CPU
		{A65C139E-0248-4331-BEEC-49468881553F}.Debug|iPhone.ActiveCfg = Debug|Any CPU
		{A65C139E-0248-4331-BEEC-49468881553F}.Debug|iPhone.Build.0 = Debug|Any CPU
		{A65C139E-0248-4331-BEEC-49468881553F}.Debug|iPhoneSimulator.ActiveCfg = Debug|Any CPU
		{A65C139E-0248-4331-BEEC-49468881553F}.Debug|iPhoneSimulator.Build.0 = Debug|Any CPU
		{A65C139E-0248-4331-BEEC-49468881553F}.Debug|x64.ActiveCfg = Debug|Any CPU
		{A65C139E-0248-4331-BEEC-49468881553F}.Debug|x64.Build.0 = Debug|Any CPU
		{A65C139E-0248-4331-BEEC-49468881553F}.Debug|x86.ActiveCfg = Debug|Any CPU
		{A65C139E-0248-4331-BEEC-49468881553F}.Debug|x86.Build.0 = Debug|Any CPU
		{A65C139E-0248-4331-BEEC-49468881553F}.Release|Any CPU.ActiveCfg = Release|Any CPU
		{A65C139E-0248-4331-BEEC-49468881553F}.Release|Any CPU.Build.0 = Release|Any CPU
		{A65C139E-0248-4331-BEEC-49468881553F}.Release|ARM.ActiveCfg = Release|Any CPU
		{A65C139E-0248-4331-BEEC-49468881553F}.Release|ARM.Build.0 = Release|Any CPU
		{A65C139E-0248-4331-BEEC-49468881553F}.Release|iPhone.ActiveCfg = Release|Any CPU
		{A65C139E-0248-4331-BEEC-49468881553F}.Release|iPhone.Build.0 = Release|Any CPU
		{A65C139E-0248-4331-BEEC-49468881553F}.Release|iPhoneSimulator.ActiveCfg = Release|Any CPU
		{A65C139E-0248-4331-BEEC-49468881553F}.Release|iPhoneSimulator.Build.0 = Release|Any CPU
		{A65C139E-0248-4331-BEEC-49468881553F}.Release|x64.ActiveCfg = Release|Any CPU
		{A65C139E-0248-4331-BEEC-49468881553F}.Release|x64.Build.0 = Release|Any CPU
		{A65C139E-0248-4331-BEEC-49468881553F}.Release|x86.ActiveCfg = Release|Any CPU
		{A65C139E-0248-4331-BEEC-49468881553F}.Release|x86.Build.0 = Release|Any CPU
	EndGlobalSection
	GlobalSection(SolutionProperties) = preSolution
		HideSolutionNode = FALSE
	EndGlobalSection
EndGlobal
